
Microsoft Visual Studio Solution File, Format Version 12.00
Project("{FAE04EC0-301F-11D3-BF4B-00C04F79EFBC}") = "CompanyEmployees", "CompanyEmployees\CompanyEmployees.csproj", "{828632E6-2A90-472D-8628-6323E55D5178}"
EndProject
Global
	GlobalSection(SolutionConfigurationPlatforms) = preSolution
		Debug|Any CPU = Debug|Any CPU
		Release|Any CPU = Release|Any CPU
	EndGlobalSection
	GlobalSection(ProjectConfigurationPlatforms) = postSolution
		{828632E6-2A90-472D-8628-6323E55D5178}.Debug|Any CPU.ActiveCfg = Debug|Any CPU
		{828632E6-2A90-472D-8628-6323E55D5178}.Debug|Any CPU.Build.0 = Debug|Any CPU
		{828632E6-2A90-472D-8628-6323E55D5178}.Release|Any CPU.ActiveCfg = Release|Any CPU
		{828632E6-2A90-472D-8628-6323E55D5178}.Release|Any CPU.Build.0 = Release|Any CPU
	EndGlobalSection
EndGlobal
